// !$*UTF8*$!
{
	archiveVersion = 1;
	classes = {
	};
	objectVersion = 56;
	objects = {

/* Begin PBXBuildFile section */
		7F32394F2B7D1DBC0055C289 /* NotificationView.swift in Sources */ = {isa = PBXBuildFile; fileRef = 7F32394E2B7D1DBC0055C289 /* NotificationView.swift */; };
		7F3239512B7D1F610055C289 /* NotificationController.swift in Sources */ = {isa = PBXBuildFile; fileRef = 7F3239502B7D1F610055C289 /* NotificationController.swift */; };
		7F32395C2B7D25280055C289 /* ContentView.swift in Sources */ = {isa = PBXBuildFile; fileRef = 7F32395B2B7D25280055C289 /* ContentView.swift */; };
		7F32395E2B7D252A0055C289 /* Assets.xcassets in Resources */ = {isa = PBXBuildFile; fileRef = 7F32395D2B7D252A0055C289 /* Assets.xcassets */; };
		7F3239612B7D252A0055C289 /* Preview Assets.xcassets in Resources */ = {isa = PBXBuildFile; fileRef = 7F3239602B7D252A0055C289 /* Preview Assets.xcassets */; };
		7F3239662B7D25F70055C289 /* LandmarkRow.swift in Sources */ = {isa = PBXBuildFile; fileRef = 7F3E09BD2B6E59CB00781D74 /* LandmarkRow.swift */; };
		7F3239672B7D25F70055C289 /* Profile.swift in Sources */ = {isa = PBXBuildFile; fileRef = 7FE7DC072B7853B900E96493 /* Profile.swift */; };
		7F3239682B7D25F70055C289 /* LandmarkList.swift in Sources */ = {isa = PBXBuildFile; fileRef = 7F3E09BF2B6E605E00781D74 /* LandmarkList.swift */; };
		7F3239692B7D25F70055C289 /* FavoriteButton.swift in Sources */ = {isa = PBXBuildFile; fileRef = 7F3E09C32B6EFDB800781D74 /* FavoriteButton.swift */; };
		7F32396A2B7D25F70055C289 /* Assets.xcassets in Resources */ = {isa = PBXBuildFile; fileRef = 7F3E09A62B6DB75400781D74 /* Assets.xcassets */; };
		7F32396B2B7D25F70055C289 /* hikeData.json in Resources */ = {isa = PBXBuildFile; fileRef = 7F3E09D52B6FD30200781D74 /* hikeData.json */; };
		7F32396C2B7D25F70055C289 /* landmarkData.json in Resources */ = {isa = PBXBuildFile; fileRef = 7F3E09B42B6E541E00781D74 /* landmarkData.json */; };
		7F32396D2B7D25F70055C289 /* LandmarksApp.swift in Sources */ = {isa = PBXBuildFile; fileRef = 7F3E09A22B6DB74E00781D74 /* LandmarksApp.swift */; };
		7F32396E2B7D25F70055C289 /* MapView.swift in Sources */ = {isa = PBXBuildFile; fileRef = 7F3E09B22B6DBBC800781D74 /* MapView.swift */; };
		7F32396F2B7D25F70055C289 /* Hike.swift in Sources */ = {isa = PBXBuildFile; fileRef = 7F3E09D72B6FD3B800781D74 /* Hike.swift */; };
		7F3239702B7D25F70055C289 /* ModelData.swift in Sources */ = {isa = PBXBuildFile; fileRef = 7F3E09B82B6E572400781D74 /* ModelData.swift */; };
		7F3239712B7D25F70055C289 /* CircleImage.swift in Sources */ = {isa = PBXBuildFile; fileRef = 7F3E09B02B6DBB0200781D74 /* CircleImage.swift */; };
		7F3239722B7D25F70055C289 /* Landmark.swift in Sources */ = {isa = PBXBuildFile; fileRef = 7F3E09B62B6E549F00781D74 /* Landmark.swift */; };
		7F3239742B7D27C30055C289 /* LandmarkDetail.swift in Sources */ = {isa = PBXBuildFile; fileRef = 7F3239732B7D27C30055C289 /* LandmarkDetail.swift */; };
		7F3E09A32B6DB74E00781D74 /* LandmarksApp.swift in Sources */ = {isa = PBXBuildFile; fileRef = 7F3E09A22B6DB74E00781D74 /* LandmarksApp.swift */; };
		7F3E09A52B6DB74E00781D74 /* ContentView.swift in Sources */ = {isa = PBXBuildFile; fileRef = 7F3E09A42B6DB74E00781D74 /* ContentView.swift */; };
		7F3E09A72B6DB75400781D74 /* Assets.xcassets in Resources */ = {isa = PBXBuildFile; fileRef = 7F3E09A62B6DB75400781D74 /* Assets.xcassets */; };
		7F3E09AA2B6DB75400781D74 /* Preview Assets.xcassets in Resources */ = {isa = PBXBuildFile; fileRef = 7F3E09A92B6DB75400781D74 /* Preview Assets.xcassets */; };
		7F3E09B12B6DBB0200781D74 /* CircleImage.swift in Sources */ = {isa = PBXBuildFile; fileRef = 7F3E09B02B6DBB0200781D74 /* CircleImage.swift */; };
		7F3E09B32B6DBBC800781D74 /* MapView.swift in Sources */ = {isa = PBXBuildFile; fileRef = 7F3E09B22B6DBBC800781D74 /* MapView.swift */; };
		7F3E09B52B6E541F00781D74 /* landmarkData.json in Resources */ = {isa = PBXBuildFile; fileRef = 7F3E09B42B6E541E00781D74 /* landmarkData.json */; };
		7F3E09B72B6E549F00781D74 /* Landmark.swift in Sources */ = {isa = PBXBuildFile; fileRef = 7F3E09B62B6E549F00781D74 /* Landmark.swift */; };
		7F3E09B92B6E572400781D74 /* ModelData.swift in Sources */ = {isa = PBXBuildFile; fileRef = 7F3E09B82B6E572400781D74 /* ModelData.swift */; };
		7F3E09BE2B6E59CB00781D74 /* LandmarkRow.swift in Sources */ = {isa = PBXBuildFile; fileRef = 7F3E09BD2B6E59CB00781D74 /* LandmarkRow.swift */; };
		7F3E09C02B6E605E00781D74 /* LandmarkList.swift in Sources */ = {isa = PBXBuildFile; fileRef = 7F3E09BF2B6E605E00781D74 /* LandmarkList.swift */; };
		7F3E09C22B6E617800781D74 /* LandmarkDetail.swift in Sources */ = {isa = PBXBuildFile; fileRef = 7F3E09C12B6E617800781D74 /* LandmarkDetail.swift */; };
		7F3E09C42B6EFDB800781D74 /* FavoriteButton.swift in Sources */ = {isa = PBXBuildFile; fileRef = 7F3E09C32B6EFDB800781D74 /* FavoriteButton.swift */; };
		7F3E09CA2B6FC73600781D74 /* HexagonParameters.swift in Sources */ = {isa = PBXBuildFile; fileRef = 7F3E09C92B6FC73600781D74 /* HexagonParameters.swift */; };
		7F3E09CC2B6FC87600781D74 /* BadgeBackground.swift in Sources */ = {isa = PBXBuildFile; fileRef = 7F3E09CB2B6FC87600781D74 /* BadgeBackground.swift */; };
		7F3E09CE2B6FCDBF00781D74 /* BadgeSymbol.swift in Sources */ = {isa = PBXBuildFile; fileRef = 7F3E09CD2B6FCDBF00781D74 /* BadgeSymbol.swift */; };
		7F3E09D02B6FCE6900781D74 /* RotatedBadgeSymbol.swift in Sources */ = {isa = PBXBuildFile; fileRef = 7F3E09CF2B6FCE6900781D74 /* RotatedBadgeSymbol.swift */; };
		7F3E09D22B6FCF9600781D74 /* Badge.swift in Sources */ = {isa = PBXBuildFile; fileRef = 7F3E09D12B6FCF9600781D74 /* Badge.swift */; };
		7F3E09D62B6FD30200781D74 /* hikeData.json in Resources */ = {isa = PBXBuildFile; fileRef = 7F3E09D52B6FD30200781D74 /* hikeData.json */; };
		7F3E09D82B6FD3B800781D74 /* Hike.swift in Sources */ = {isa = PBXBuildFile; fileRef = 7F3E09D72B6FD3B800781D74 /* Hike.swift */; };
		7F3E09DE2B6FD4EB00781D74 /* GraphCapsule.swift in Sources */ = {isa = PBXBuildFile; fileRef = 7F3E09DA2B6FD4EB00781D74 /* GraphCapsule.swift */; };
		7F3E09DF2B6FD4EB00781D74 /* HikeGraph.swift in Sources */ = {isa = PBXBuildFile; fileRef = 7F3E09DB2B6FD4EB00781D74 /* HikeGraph.swift */; };
		7F3E09E02B6FD4EB00781D74 /* HikeDetail.swift in Sources */ = {isa = PBXBuildFile; fileRef = 7F3E09DC2B6FD4EB00781D74 /* HikeDetail.swift */; };
		7F3E09E12B6FD4EB00781D74 /* HikeView.swift in Sources */ = {isa = PBXBuildFile; fileRef = 7F3E09DD2B6FD4EB00781D74 /* HikeView.swift */; };
		7FA4C38A2B7D0D4E0038B2CC /* Profile.swift in Sources */ = {isa = PBXBuildFile; fileRef = 7FE7DC072B7853B900E96493 /* Profile.swift */; };
		7FA4C38B2B7D0D4E0038B2CC /* ModelData.swift in Sources */ = {isa = PBXBuildFile; fileRef = 7F3E09B82B6E572400781D74 /* ModelData.swift */; };
		7FA4C38C2B7D0D4E0038B2CC /* LandmarkRow.swift in Sources */ = {isa = PBXBuildFile; fileRef = 7F3E09BD2B6E59CB00781D74 /* LandmarkRow.swift */; };
		7FA4C38D2B7D0D4E0038B2CC /* Assets.xcassets in Resources */ = {isa = PBXBuildFile; fileRef = 7F3E09A62B6DB75400781D74 /* Assets.xcassets */; };
		7FA4C38E2B7D0D4E0038B2CC /* MapView.swift in Sources */ = {isa = PBXBuildFile; fileRef = 7F3E09B22B6DBBC800781D74 /* MapView.swift */; };
		7FA4C38F2B7D0D4E0038B2CC /* Landmark.swift in Sources */ = {isa = PBXBuildFile; fileRef = 7F3E09B62B6E549F00781D74 /* Landmark.swift */; };
		7FA4C3902B7D0D4E0038B2CC /* hikeData.json in Resources */ = {isa = PBXBuildFile; fileRef = 7F3E09D52B6FD30200781D74 /* hikeData.json */; };
		7FA4C3912B7D0D4E0038B2CC /* landmarkData.json in Resources */ = {isa = PBXBuildFile; fileRef = 7F3E09B42B6E541E00781D74 /* landmarkData.json */; };
		7FA4C3922B7D0D4E0038B2CC /* CircleImage.swift in Sources */ = {isa = PBXBuildFile; fileRef = 7F3E09B02B6DBB0200781D74 /* CircleImage.swift */; };
		7FA4C3932B7D0D4E0038B2CC /* LandmarksApp.swift in Sources */ = {isa = PBXBuildFile; fileRef = 7F3E09A22B6DB74E00781D74 /* LandmarksApp.swift */; };
		7FA4C3942B7D0D4E0038B2CC /* LandmarkList.swift in Sources */ = {isa = PBXBuildFile; fileRef = 7F3E09BF2B6E605E00781D74 /* LandmarkList.swift */; };
		7FA4C3952B7D0D4E0038B2CC /* Hike.swift in Sources */ = {isa = PBXBuildFile; fileRef = 7F3E09D72B6FD3B800781D74 /* Hike.swift */; };
		7FA4C3972B7D0E0E0038B2CC /* LandmarkDetail.swift in Sources */ = {isa = PBXBuildFile; fileRef = 7FA4C3962B7D0E0E0038B2CC /* LandmarkDetail.swift */; };
		7FE7DC022B76F0C400E96493 /* CategoryHome.swift in Sources */ = {isa = PBXBuildFile; fileRef = 7FE7DC012B76F0C400E96493 /* CategoryHome.swift */; };
		7FE7DC042B76F2CE00E96493 /* CategoryRow.swift in Sources */ = {isa = PBXBuildFile; fileRef = 7FE7DC032B76F2CD00E96493 /* CategoryRow.swift */; };
		7FE7DC062B76F47100E96493 /* CategoryItem.swift in Sources */ = {isa = PBXBuildFile; fileRef = 7FE7DC052B76F47100E96493 /* CategoryItem.swift */; };
		7FE7DC082B7853B900E96493 /* Profile.swift in Sources */ = {isa = PBXBuildFile; fileRef = 7FE7DC072B7853B900E96493 /* Profile.swift */; };
		7FE7DC0B2B78559A00E96493 /* ProfileHost.swift in Sources */ = {isa = PBXBuildFile; fileRef = 7FE7DC0A2B78559A00E96493 /* ProfileHost.swift */; };
		7FE7DC0D2B78564A00E96493 /* ProfileSummary.swift in Sources */ = {isa = PBXBuildFile; fileRef = 7FE7DC0C2B78564A00E96493 /* ProfileSummary.swift */; };
		7FE7DC0F2B78589600E96493 /* HikeBadge.swift in Sources */ = {isa = PBXBuildFile; fileRef = 7FE7DC0E2B78589600E96493 /* HikeBadge.swift */; };
		7FE7DC112B790F4500E96493 /* ProfileEditor.swift in Sources */ = {isa = PBXBuildFile; fileRef = 7FE7DC102B790F4500E96493 /* ProfileEditor.swift */; };
		7FE7DC142B79143400E96493 /* PageViewController.swift in Sources */ = {isa = PBXBuildFile; fileRef = 7FE7DC132B79143400E96493 /* PageViewController.swift */; };
		7FE7DC162B79166F00E96493 /* FeatureCard.swift in Sources */ = {isa = PBXBuildFile; fileRef = 7FE7DC152B79166F00E96493 /* FeatureCard.swift */; };
		7FE7DC182B7917D600E96493 /* PageView.swift in Sources */ = {isa = PBXBuildFile; fileRef = 7FE7DC172B7917D600E96493 /* PageView.swift */; };
		7FE7DC1A2B7BABE800E96493 /* PageControl.swift in Sources */ = {isa = PBXBuildFile; fileRef = 7FE7DC192B7BABE800E96493 /* PageControl.swift */; };
		7FE7DC242B7BB01800E96493 /* ContentView.swift in Sources */ = {isa = PBXBuildFile; fileRef = 7FE7DC232B7BB01800E96493 /* ContentView.swift */; };
		7FE7DC262B7BB01B00E96493 /* Assets.xcassets in Resources */ = {isa = PBXBuildFile; fileRef = 7FE7DC252B7BB01B00E96493 /* Assets.xcassets */; };
		7FE7DC292B7BB01B00E96493 /* Preview Assets.xcassets in Resources */ = {isa = PBXBuildFile; fileRef = 7FE7DC282B7BB01B00E96493 /* Preview Assets.xcassets */; };
		7FE7DC2C2B7BB01B00E96493 /* WatchLandmarks Watch App.app in Embed Watch Content */ = {isa = PBXBuildFile; fileRef = 7FE7DC1F2B7BB01800E96493 /* WatchLandmarks Watch App.app */; settings = {ATTRIBUTES = (RemoveHeadersOnCopy, ); }; };
/* End PBXBuildFile section */

/* Begin PBXContainerItemProxy section */
		7FE7DC2A2B7BB01B00E96493 /* PBXContainerItemProxy */ = {
			isa = PBXContainerItemProxy;
			containerPortal = 7F3E09972B6DB74E00781D74 /* Project object */;
			proxyType = 1;
			remoteGlobalIDString = 7FE7DC1E2B7BB01800E96493;
			remoteInfo = "WatchLandmarks Watch App";
		};
/* End PBXContainerItemProxy section */

/* Begin PBXCopyFilesBuildPhase section */
		7FE7DC302B7BB01B00E96493 /* Embed Watch Content */ = {
			isa = PBXCopyFilesBuildPhase;
			buildActionMask = 2147483647;
			dstPath = "$(CONTENTS_FOLDER_PATH)/Watch";
			dstSubfolderSpec = 16;
			files = (
				7FE7DC2C2B7BB01B00E96493 /* WatchLandmarks Watch App.app in Embed Watch Content */,
			);
			name = "Embed Watch Content";
			runOnlyForDeploymentPostprocessing = 0;
		};
/* End PBXCopyFilesBuildPhase section */

/* Begin PBXFileReference section */
		7F32394E2B7D1DBC0055C289 /* NotificationView.swift */ = {isa = PBXFileReference; lastKnownFileType = sourcecode.swift; path = NotificationView.swift; sourceTree = "<group>"; };
		7F3239502B7D1F610055C289 /* NotificationController.swift */ = {isa = PBXFileReference; lastKnownFileType = sourcecode.swift; path = NotificationController.swift; sourceTree = "<group>"; };
		7F3239522B7D21880055C289 /* PushNotificationPayload.apns */ = {isa = PBXFileReference; lastKnownFileType = text; path = PushNotificationPayload.apns; sourceTree = "<group>"; };
		7F3239572B7D25280055C289 /* MacLandmarks.app */ = {isa = PBXFileReference; explicitFileType = wrapper.application; includeInIndex = 0; path = MacLandmarks.app; sourceTree = BUILT_PRODUCTS_DIR; };
		7F32395B2B7D25280055C289 /* ContentView.swift */ = {isa = PBXFileReference; lastKnownFileType = sourcecode.swift; path = ContentView.swift; sourceTree = "<group>"; };
		7F32395D2B7D252A0055C289 /* Assets.xcassets */ = {isa = PBXFileReference; lastKnownFileType = folder.assetcatalog; path = Assets.xcassets; sourceTree = "<group>"; };
		7F3239602B7D252A0055C289 /* Preview Assets.xcassets */ = {isa = PBXFileReference; lastKnownFileType = folder.assetcatalog; path = "Preview Assets.xcassets"; sourceTree = "<group>"; };
		7F3239622B7D252A0055C289 /* MacLandmarks.entitlements */ = {isa = PBXFileReference; lastKnownFileType = text.plist.entitlements; path = MacLandmarks.entitlements; sourceTree = "<group>"; };
		7F3239732B7D27C30055C289 /* LandmarkDetail.swift */ = {isa = PBXFileReference; lastKnownFileType = sourcecode.swift; path = LandmarkDetail.swift; sourceTree = "<group>"; };
		7F3E099F2B6DB74E00781D74 /* Landmarks.app */ = {isa = PBXFileReference; explicitFileType = wrapper.application; includeInIndex = 0; path = Landmarks.app; sourceTree = BUILT_PRODUCTS_DIR; };
		7F3E09A22B6DB74E00781D74 /* LandmarksApp.swift */ = {isa = PBXFileReference; lastKnownFileType = sourcecode.swift; path = LandmarksApp.swift; sourceTree = "<group>"; };
		7F3E09A42B6DB74E00781D74 /* ContentView.swift */ = {isa = PBXFileReference; lastKnownFileType = sourcecode.swift; path = ContentView.swift; sourceTree = "<group>"; };
		7F3E09A62B6DB75400781D74 /* Assets.xcassets */ = {isa = PBXFileReference; lastKnownFileType = folder.assetcatalog; path = Assets.xcassets; sourceTree = "<group>"; };
		7F3E09A92B6DB75400781D74 /* Preview Assets.xcassets */ = {isa = PBXFileReference; lastKnownFileType = folder.assetcatalog; path = "Preview Assets.xcassets"; sourceTree = "<group>"; };
		7F3E09B02B6DBB0200781D74 /* CircleImage.swift */ = {isa = PBXFileReference; lastKnownFileType = sourcecode.swift; path = CircleImage.swift; sourceTree = "<group>"; };
		7F3E09B22B6DBBC800781D74 /* MapView.swift */ = {isa = PBXFileReference; lastKnownFileType = sourcecode.swift; path = MapView.swift; sourceTree = "<group>"; };
		7F3E09B42B6E541E00781D74 /* landmarkData.json */ = {isa = PBXFileReference; fileEncoding = 4; lastKnownFileType = text.json; path = landmarkData.json; sourceTree = "<group>"; };
		7F3E09B62B6E549F00781D74 /* Landmark.swift */ = {isa = PBXFileReference; lastKnownFileType = sourcecode.swift; path = Landmark.swift; sourceTree = "<group>"; };
		7F3E09B82B6E572400781D74 /* ModelData.swift */ = {isa = PBXFileReference; lastKnownFileType = sourcecode.swift; path = ModelData.swift; sourceTree = "<group>"; };
		7F3E09BD2B6E59CB00781D74 /* LandmarkRow.swift */ = {isa = PBXFileReference; lastKnownFileType = sourcecode.swift; name = LandmarkRow.swift; path = Landmarks/Views/Landmarks/LandmarkRow.swift; sourceTree = SOURCE_ROOT; };
		7F3E09BF2B6E605E00781D74 /* LandmarkList.swift */ = {isa = PBXFileReference; lastKnownFileType = sourcecode.swift; path = LandmarkList.swift; sourceTree = "<group>"; };
		7F3E09C12B6E617800781D74 /* LandmarkDetail.swift */ = {isa = PBXFileReference; lastKnownFileType = sourcecode.swift; path = LandmarkDetail.swift; sourceTree = "<group>"; };
		7F3E09C32B6EFDB800781D74 /* FavoriteButton.swift */ = {isa = PBXFileReference; lastKnownFileType = sourcecode.swift; path = FavoriteButton.swift; sourceTree = "<group>"; };
		7F3E09C92B6FC73600781D74 /* HexagonParameters.swift */ = {isa = PBXFileReference; lastKnownFileType = sourcecode.swift; path = HexagonParameters.swift; sourceTree = "<group>"; };
		7F3E09CB2B6FC87600781D74 /* BadgeBackground.swift */ = {isa = PBXFileReference; lastKnownFileType = sourcecode.swift; path = BadgeBackground.swift; sourceTree = "<group>"; };
		7F3E09CD2B6FCDBF00781D74 /* BadgeSymbol.swift */ = {isa = PBXFileReference; lastKnownFileType = sourcecode.swift; path = BadgeSymbol.swift; sourceTree = "<group>"; };
		7F3E09CF2B6FCE6900781D74 /* RotatedBadgeSymbol.swift */ = {isa = PBXFileReference; lastKnownFileType = sourcecode.swift; path = RotatedBadgeSymbol.swift; sourceTree = "<group>"; };
		7F3E09D12B6FCF9600781D74 /* Badge.swift */ = {isa = PBXFileReference; lastKnownFileType = sourcecode.swift; path = Badge.swift; sourceTree = "<group>"; };
		7F3E09D52B6FD30200781D74 /* hikeData.json */ = {isa = PBXFileReference; fileEncoding = 4; lastKnownFileType = text.json; path = hikeData.json; sourceTree = "<group>"; };
		7F3E09D72B6FD3B800781D74 /* Hike.swift */ = {isa = PBXFileReference; lastKnownFileType = sourcecode.swift; path = Hike.swift; sourceTree = "<group>"; };
		7F3E09DA2B6FD4EB00781D74 /* GraphCapsule.swift */ = {isa = PBXFileReference; fileEncoding = 4; lastKnownFileType = sourcecode.swift; path = GraphCapsule.swift; sourceTree = "<group>"; };
		7F3E09DB2B6FD4EB00781D74 /* HikeGraph.swift */ = {isa = PBXFileReference; fileEncoding = 4; lastKnownFileType = sourcecode.swift; path = HikeGraph.swift; sourceTree = "<group>"; };
		7F3E09DC2B6FD4EB00781D74 /* HikeDetail.swift */ = {isa = PBXFileReference; fileEncoding = 4; lastKnownFileType = sourcecode.swift; path = HikeDetail.swift; sourceTree = "<group>"; };
		7F3E09DD2B6FD4EB00781D74 /* HikeView.swift */ = {isa = PBXFileReference; fileEncoding = 4; lastKnownFileType = sourcecode.swift; path = HikeView.swift; sourceTree = "<group>"; };
		7FA4C3962B7D0E0E0038B2CC /* LandmarkDetail.swift */ = {isa = PBXFileReference; lastKnownFileType = sourcecode.swift; path = LandmarkDetail.swift; sourceTree = "<group>"; };
		7FE7DC012B76F0C400E96493 /* CategoryHome.swift */ = {isa = PBXFileReference; lastKnownFileType = sourcecode.swift; path = CategoryHome.swift; sourceTree = "<group>"; };
		7FE7DC032B76F2CD00E96493 /* CategoryRow.swift */ = {isa = PBXFileReference; lastKnownFileType = sourcecode.swift; path = CategoryRow.swift; sourceTree = "<group>"; };
		7FE7DC052B76F47100E96493 /* CategoryItem.swift */ = {isa = PBXFileReference; lastKnownFileType = sourcecode.swift; path = CategoryItem.swift; sourceTree = "<group>"; };
		7FE7DC072B7853B900E96493 /* Profile.swift */ = {isa = PBXFileReference; lastKnownFileType = sourcecode.swift; path = Profile.swift; sourceTree = "<group>"; };
		7FE7DC0A2B78559A00E96493 /* ProfileHost.swift */ = {isa = PBXFileReference; lastKnownFileType = sourcecode.swift; path = ProfileHost.swift; sourceTree = "<group>"; };
		7FE7DC0C2B78564A00E96493 /* ProfileSummary.swift */ = {isa = PBXFileReference; lastKnownFileType = sourcecode.swift; path = ProfileSummary.swift; sourceTree = "<group>"; };
		7FE7DC0E2B78589600E96493 /* HikeBadge.swift */ = {isa = PBXFileReference; lastKnownFileType = sourcecode.swift; path = HikeBadge.swift; sourceTree = "<group>"; };
		7FE7DC102B790F4500E96493 /* ProfileEditor.swift */ = {isa = PBXFileReference; lastKnownFileType = sourcecode.swift; path = ProfileEditor.swift; sourceTree = "<group>"; };
		7FE7DC132B79143400E96493 /* PageViewController.swift */ = {isa = PBXFileReference; lastKnownFileType = sourcecode.swift; path = PageViewController.swift; sourceTree = "<group>"; };
		7FE7DC152B79166F00E96493 /* FeatureCard.swift */ = {isa = PBXFileReference; lastKnownFileType = sourcecode.swift; path = FeatureCard.swift; sourceTree = "<group>"; };
		7FE7DC172B7917D600E96493 /* PageView.swift */ = {isa = PBXFileReference; lastKnownFileType = sourcecode.swift; path = PageView.swift; sourceTree = "<group>"; };
		7FE7DC192B7BABE800E96493 /* PageControl.swift */ = {isa = PBXFileReference; lastKnownFileType = sourcecode.swift; path = PageControl.swift; sourceTree = "<group>"; };
		7FE7DC1F2B7BB01800E96493 /* WatchLandmarks Watch App.app */ = {isa = PBXFileReference; explicitFileType = wrapper.application; includeInIndex = 0; path = "WatchLandmarks Watch App.app"; sourceTree = BUILT_PRODUCTS_DIR; };
		7FE7DC232B7BB01800E96493 /* ContentView.swift */ = {isa = PBXFileReference; lastKnownFileType = sourcecode.swift; path = ContentView.swift; sourceTree = "<group>"; };
		7FE7DC252B7BB01B00E96493 /* Assets.xcassets */ = {isa = PBXFileReference; lastKnownFileType = folder.assetcatalog; path = Assets.xcassets; sourceTree = "<group>"; };
		7FE7DC282B7BB01B00E96493 /* Preview Assets.xcassets */ = {isa = PBXFileReference; lastKnownFileType = folder.assetcatalog; path = "Preview Assets.xcassets"; sourceTree = "<group>"; };
/* End PBXFileReference section */

/* Begin PBXFrameworksBuildPhase section */
		7F3239542B7D25280055C289 /* Frameworks */ = {
			isa = PBXFrameworksBuildPhase;
			buildActionMask = 2147483647;
			files = (
			);
			runOnlyForDeploymentPostprocessing = 0;
		};
		7F3E099C2B6DB74E00781D74 /* Frameworks */ = {
			isa = PBXFrameworksBuildPhase;
			buildActionMask = 2147483647;
			files = (
			);
			runOnlyForDeploymentPostprocessing = 0;
		};
		7FE7DC1C2B7BB01800E96493 /* Frameworks */ = {
			isa = PBXFrameworksBuildPhase;
			buildActionMask = 2147483647;
			files = (
			);
			runOnlyForDeploymentPostprocessing = 0;
		};
/* End PBXFrameworksBuildPhase section */

/* Begin PBXGroup section */
		7F3239582B7D25280055C289 /* MacLandmarks */ = {
			isa = PBXGroup;
			children = (
				7F32395B2B7D25280055C289 /* ContentView.swift */,
				7F32395D2B7D252A0055C289 /* Assets.xcassets */,
				7F3239622B7D252A0055C289 /* MacLandmarks.entitlements */,
				7F32395F2B7D252A0055C289 /* Preview Content */,
				7F3239732B7D27C30055C289 /* LandmarkDetail.swift */,
			);
			path = MacLandmarks;
			sourceTree = "<group>";
		};
		7F32395F2B7D252A0055C289 /* Preview Content */ = {
			isa = PBXGroup;
			children = (
				7F3239602B7D252A0055C289 /* Preview Assets.xcassets */,
			);
			path = "Preview Content";
			sourceTree = "<group>";
		};
		7F3E09962B6DB74E00781D74 = {
			isa = PBXGroup;
			children = (
				7F3E09A12B6DB74E00781D74 /* Landmarks */,
				7FE7DC202B7BB01800E96493 /* WatchLandmarks Watch App */,
				7F3239582B7D25280055C289 /* MacLandmarks */,
				7F3E09A02B6DB74E00781D74 /* Products */,
			);
			sourceTree = "<group>";
		};
		7F3E09A02B6DB74E00781D74 /* Products */ = {
			isa = PBXGroup;
			children = (
				7F3E099F2B6DB74E00781D74 /* Landmarks.app */,
				7FE7DC1F2B7BB01800E96493 /* WatchLandmarks Watch App.app */,
				7F3239572B7D25280055C289 /* MacLandmarks.app */,
			);
			name = Products;
			sourceTree = "<group>";
		};
		7F3E09A12B6DB74E00781D74 /* Landmarks */ = {
			isa = PBXGroup;
			children = (
				7F3E09A22B6DB74E00781D74 /* LandmarksApp.swift */,
				7F3E09BA2B6E58E000781D74 /* Views */,
				7F3E09BB2B6E590100781D74 /* Model */,
				7F3E09BC2B6E592100781D74 /* Resources */,
				7F3E09A62B6DB75400781D74 /* Assets.xcassets */,
				7F3E09A82B6DB75400781D74 /* Preview Content */,
			);
			path = Landmarks;
			sourceTree = "<group>";
		};
		7F3E09A82B6DB75400781D74 /* Preview Content */ = {
			isa = PBXGroup;
			children = (
				7F3E09A92B6DB75400781D74 /* Preview Assets.xcassets */,
			);
			path = "Preview Content";
			sourceTree = "<group>";
		};
		7F3E09BA2B6E58E000781D74 /* Views */ = {
			isa = PBXGroup;
			children = (
				7F3E09A42B6DB74E00781D74 /* ContentView.swift */,
				7F3E09D42B6FD10200781D74 /* Badges */,
				7FE7DC002B76F0A600E96493 /* Categories */,
				7F3E09C62B6F00D100781D74 /* Helper */,
				7F3E09D92B6FD4EB00781D74 /* Hikes */,
				7F3E09C52B6F00B500781D74 /* Landmarks */,
				7FE7DC122B7913EF00E96493 /* PageView */,
				7FE7DC092B78557800E96493 /* Profiles */,
			);
			path = Views;
			sourceTree = "<group>";
		};
		7F3E09BB2B6E590100781D74 /* Model */ = {
			isa = PBXGroup;
			children = (
				7F3E09B82B6E572400781D74 /* ModelData.swift */,
				7F3E09B62B6E549F00781D74 /* Landmark.swift */,
				7F3E09D72B6FD3B800781D74 /* Hike.swift */,
				7FE7DC072B7853B900E96493 /* Profile.swift */,
			);
			path = Model;
			sourceTree = "<group>";
		};
		7F3E09BC2B6E592100781D74 /* Resources */ = {
			isa = PBXGroup;
			children = (
				7F3E09D52B6FD30200781D74 /* hikeData.json */,
				7F3E09B42B6E541E00781D74 /* landmarkData.json */,
			);
			path = Resources;
			sourceTree = "<group>";
		};
		7F3E09C52B6F00B500781D74 /* Landmarks */ = {
			isa = PBXGroup;
			children = (
				7F3E09C12B6E617800781D74 /* LandmarkDetail.swift */,
				7F3E09BF2B6E605E00781D74 /* LandmarkList.swift */,
				7F3E09BD2B6E59CB00781D74 /* LandmarkRow.swift */,
			);
			path = Landmarks;
			sourceTree = "<group>";
		};
		7F3E09C62B6F00D100781D74 /* Helper */ = {
			isa = PBXGroup;
			children = (
				7F3E09B02B6DBB0200781D74 /* CircleImage.swift */,
				7F3E09C32B6EFDB800781D74 /* FavoriteButton.swift */,
				7F3E09B22B6DBBC800781D74 /* MapView.swift */,
			);
			path = Helper;
			sourceTree = "<group>";
		};
		7F3E09D42B6FD10200781D74 /* Badges */ = {
			isa = PBXGroup;
			children = (
				7F3E09C92B6FC73600781D74 /* HexagonParameters.swift */,
				7F3E09CB2B6FC87600781D74 /* BadgeBackground.swift */,
				7F3E09CD2B6FCDBF00781D74 /* BadgeSymbol.swift */,
				7F3E09CF2B6FCE6900781D74 /* RotatedBadgeSymbol.swift */,
				7F3E09D12B6FCF9600781D74 /* Badge.swift */,
			);
			path = Badges;
			sourceTree = "<group>";
		};
		7F3E09D92B6FD4EB00781D74 /* Hikes */ = {
			isa = PBXGroup;
			children = (
				7F3E09DA2B6FD4EB00781D74 /* GraphCapsule.swift */,
				7F3E09DB2B6FD4EB00781D74 /* HikeGraph.swift */,
				7F3E09DC2B6FD4EB00781D74 /* HikeDetail.swift */,
				7F3E09DD2B6FD4EB00781D74 /* HikeView.swift */,
				7FE7DC0E2B78589600E96493 /* HikeBadge.swift */,
			);
			path = Hikes;
			sourceTree = "<group>";
		};
		7FE7DC002B76F0A600E96493 /* Categories */ = {
			isa = PBXGroup;
			children = (
				7FE7DC012B76F0C400E96493 /* CategoryHome.swift */,
				7FE7DC032B76F2CD00E96493 /* CategoryRow.swift */,
				7FE7DC052B76F47100E96493 /* CategoryItem.swift */,
			);
			path = Categories;
			sourceTree = "<group>";
		};
		7FE7DC092B78557800E96493 /* Profiles */ = {
			isa = PBXGroup;
			children = (
				7FE7DC0A2B78559A00E96493 /* ProfileHost.swift */,
				7FE7DC0C2B78564A00E96493 /* ProfileSummary.swift */,
				7FE7DC102B790F4500E96493 /* ProfileEditor.swift */,
			);
			path = Profiles;
			sourceTree = "<group>";
		};
		7FE7DC122B7913EF00E96493 /* PageView */ = {
			isa = PBXGroup;
			children = (
				7FE7DC132B79143400E96493 /* PageViewController.swift */,
				7FE7DC152B79166F00E96493 /* FeatureCard.swift */,
				7FE7DC172B7917D600E96493 /* PageView.swift */,
				7FE7DC192B7BABE800E96493 /* PageControl.swift */,
			);
			path = PageView;
			sourceTree = "<group>";
		};
		7FE7DC202B7BB01800E96493 /* WatchLandmarks Watch App */ = {
			isa = PBXGroup;
			children = (
				7FE7DC232B7BB01800E96493 /* ContentView.swift */,
				7F3239522B7D21880055C289 /* PushNotificationPayload.apns */,
				7FE7DC252B7BB01B00E96493 /* Assets.xcassets */,
				7FA4C3962B7D0E0E0038B2CC /* LandmarkDetail.swift */,
				7FE7DC272B7BB01B00E96493 /* Preview Content */,
				7F32394E2B7D1DBC0055C289 /* NotificationView.swift */,
				7F3239502B7D1F610055C289 /* NotificationController.swift */,
			);
			path = "WatchLandmarks Watch App";
			sourceTree = "<group>";
		};
		7FE7DC272B7BB01B00E96493 /* Preview Content */ = {
			isa = PBXGroup;
			children = (
				7FE7DC282B7BB01B00E96493 /* Preview Assets.xcassets */,
			);
			path = "Preview Content";
			sourceTree = "<group>";
		};
/* End PBXGroup section */

/* Begin PBXNativeTarget section */
		7F3239562B7D25280055C289 /* MacLandmarks */ = {
			isa = PBXNativeTarget;
			buildConfigurationList = 7F3239632B7D252A0055C289 /* Build configuration list for PBXNativeTarget "MacLandmarks" */;
			buildPhases = (
				7F3239532B7D25280055C289 /* Sources */,
				7F3239542B7D25280055C289 /* Frameworks */,
				7F3239552B7D25280055C289 /* Resources */,
			);
			buildRules = (
			);
			dependencies = (
			);
			name = MacLandmarks;
			productName = MacLandmarks;
			productReference = 7F3239572B7D25280055C289 /* MacLandmarks.app */;
			productType = "com.apple.product-type.application";
		};
		7F3E099E2B6DB74E00781D74 /* Landmarks */ = {
			isa = PBXNativeTarget;
			buildConfigurationList = 7F3E09AD2B6DB75400781D74 /* Build configuration list for PBXNativeTarget "Landmarks" */;
			buildPhases = (
				7F3E099B2B6DB74E00781D74 /* Sources */,
				7F3E099C2B6DB74E00781D74 /* Frameworks */,
				7F3E099D2B6DB74E00781D74 /* Resources */,
				7FE7DC302B7BB01B00E96493 /* Embed Watch Content */,
			);
			buildRules = (
			);
			dependencies = (
				7FE7DC2B2B7BB01B00E96493 /* PBXTargetDependency */,
			);
			name = Landmarks;
			productName = Landmarks;
			productReference = 7F3E099F2B6DB74E00781D74 /* Landmarks.app */;
			productType = "com.apple.product-type.application";
		};
		7FE7DC1E2B7BB01800E96493 /* WatchLandmarks Watch App */ = {
			isa = PBXNativeTarget;
			buildConfigurationList = 7FE7DC2D2B7BB01B00E96493 /* Build configuration list for PBXNativeTarget "WatchLandmarks Watch App" */;
			buildPhases = (
				7FE7DC1B2B7BB01800E96493 /* Sources */,
				7FE7DC1C2B7BB01800E96493 /* Frameworks */,
				7FE7DC1D2B7BB01800E96493 /* Resources */,
			);
			buildRules = (
			);
			dependencies = (
			);
			name = "WatchLandmarks Watch App";
			productName = "WatchLandmarks Watch App";
			productReference = 7FE7DC1F2B7BB01800E96493 /* WatchLandmarks Watch App.app */;
			productType = "com.apple.product-type.application";
		};
/* End PBXNativeTarget section */

/* Begin PBXProject section */
		7F3E09972B6DB74E00781D74 /* Project object */ = {
			isa = PBXProject;
			attributes = {
				BuildIndependentTargetsInParallel = 1;
				LastSwiftUpdateCheck = 1520;
				LastUpgradeCheck = 1520;
				TargetAttributes = {
					7F3239562B7D25280055C289 = {
						CreatedOnToolsVersion = 15.2;
					};
					7F3E099E2B6DB74E00781D74 = {
						CreatedOnToolsVersion = 15.2;
					};
					7FE7DC1E2B7BB01800E96493 = {
						CreatedOnToolsVersion = 15.2;
					};
				};
			};
			buildConfigurationList = 7F3E099A2B6DB74E00781D74 /* Build configuration list for PBXProject "Landmarks" */;
			compatibilityVersion = "Xcode 14.0";
			developmentRegion = en;
			hasScannedForEncodings = 0;
			knownRegions = (
				en,
				Base,
			);
			mainGroup = 7F3E09962B6DB74E00781D74;
			productRefGroup = 7F3E09A02B6DB74E00781D74 /* Products */;
			projectDirPath = "";
			projectRoot = "";
			targets = (
				7F3E099E2B6DB74E00781D74 /* Landmarks */,
				7FE7DC1E2B7BB01800E96493 /* WatchLandmarks Watch App */,
				7F3239562B7D25280055C289 /* MacLandmarks */,
			);
		};
/* End PBXProject section */

/* Begin PBXResourcesBuildPhase section */
		7F3239552B7D25280055C289 /* Resources */ = {
			isa = PBXResourcesBuildPhase;
			buildActionMask = 2147483647;
			files = (
				7F32396B2B7D25F70055C289 /* hikeData.json in Resources */,
				7F3239612B7D252A0055C289 /* Preview Assets.xcassets in Resources */,
				7F32396A2B7D25F70055C289 /* Assets.xcassets in Resources */,
				7F32396C2B7D25F70055C289 /* landmarkData.json in Resources */,
				7F32395E2B7D252A0055C289 /* Assets.xcassets in Resources */,
			);
			runOnlyForDeploymentPostprocessing = 0;
		};
		7F3E099D2B6DB74E00781D74 /* Resources */ = {
			isa = PBXResourcesBuildPhase;
			buildActionMask = 2147483647;
			files = (
				7F3E09D62B6FD30200781D74 /* hikeData.json in Resources */,
				7F3E09AA2B6DB75400781D74 /* Preview Assets.xcassets in Resources */,
				7F3E09A72B6DB75400781D74 /* Assets.xcassets in Resources */,
				7F3E09B52B6E541F00781D74 /* landmarkData.json in Resources */,
			);
			runOnlyForDeploymentPostprocessing = 0;
		};
		7FE7DC1D2B7BB01800E96493 /* Resources */ = {
			isa = PBXResourcesBuildPhase;
			buildActionMask = 2147483647;
			files = (
				7FA4C3902B7D0D4E0038B2CC /* hikeData.json in Resources */,
				7FE7DC292B7BB01B00E96493 /* Preview Assets.xcassets in Resources */,
				7FA4C38D2B7D0D4E0038B2CC /* Assets.xcassets in Resources */,
				7FA4C3912B7D0D4E0038B2CC /* landmarkData.json in Resources */,
				7FE7DC262B7BB01B00E96493 /* Assets.xcassets in Resources */,
			);
			runOnlyForDeploymentPostprocessing = 0;
		};
/* End PBXResourcesBuildPhase section */

/* Begin PBXSourcesBuildPhase section */
		7F3239532B7D25280055C289 /* Sources */ = {
			isa = PBXSourcesBuildPhase;
			buildActionMask = 2147483647;
			files = (
				7F32396E2B7D25F70055C289 /* MapView.swift in Sources */,
				7F3239722B7D25F70055C289 /* Landmark.swift in Sources */,
				7F3239662B7D25F70055C289 /* LandmarkRow.swift in Sources */,
				7F3239702B7D25F70055C289 /* ModelData.swift in Sources */,
				7F3239742B7D27C30055C289 /* LandmarkDetail.swift in Sources */,
				7F32396D2B7D25F70055C289 /* LandmarksApp.swift in Sources */,
				7F3239672B7D25F70055C289 /* Profile.swift in Sources */,
				7F32395C2B7D25280055C289 /* ContentView.swift in Sources */,
				7F3239692B7D25F70055C289 /* FavoriteButton.swift in Sources */,
				7F32396F2B7D25F70055C289 /* Hike.swift in Sources */,
				7F3239682B7D25F70055C289 /* LandmarkList.swift in Sources */,
				7F3239712B7D25F70055C289 /* CircleImage.swift in Sources */,
			);
			runOnlyForDeploymentPostprocessing = 0;
		};
		7F3E099B2B6DB74E00781D74 /* Sources */ = {
			isa = PBXSourcesBuildPhase;
			buildActionMask = 2147483647;
			files = (
				7FE7DC042B76F2CE00E96493 /* CategoryRow.swift in Sources */,
				7FE7DC082B7853B900E96493 /* Profile.swift in Sources */,
				7F3E09A52B6DB74E00781D74 /* ContentView.swift in Sources */,
				7FE7DC022B76F0C400E96493 /* CategoryHome.swift in Sources */,
				7FE7DC162B79166F00E96493 /* FeatureCard.swift in Sources */,
				7F3E09DF2B6FD4EB00781D74 /* HikeGraph.swift in Sources */,
				7F3E09D22B6FCF9600781D74 /* Badge.swift in Sources */,
				7F3E09B32B6DBBC800781D74 /* MapView.swift in Sources */,
				7F3E09DE2B6FD4EB00781D74 /* GraphCapsule.swift in Sources */,
				7F3E09A32B6DB74E00781D74 /* LandmarksApp.swift in Sources */,
				7FE7DC1A2B7BABE800E96493 /* PageControl.swift in Sources */,
				7F3E09C42B6EFDB800781D74 /* FavoriteButton.swift in Sources */,
				7FE7DC062B76F47100E96493 /* CategoryItem.swift in Sources */,
				7F3E09E02B6FD4EB00781D74 /* HikeDetail.swift in Sources */,
				7FE7DC0D2B78564A00E96493 /* ProfileSummary.swift in Sources */,
				7F3E09CA2B6FC73600781D74 /* HexagonParameters.swift in Sources */,
				7FE7DC0B2B78559A00E96493 /* ProfileHost.swift in Sources */,
				7F3E09D82B6FD3B800781D74 /* Hike.swift in Sources */,
				7F3E09D02B6FCE6900781D74 /* RotatedBadgeSymbol.swift in Sources */,
				7FE7DC182B7917D600E96493 /* PageView.swift in Sources */,
				7F3E09CE2B6FCDBF00781D74 /* BadgeSymbol.swift in Sources */,
				7FE7DC112B790F4500E96493 /* ProfileEditor.swift in Sources */,
				7F3E09C02B6E605E00781D74 /* LandmarkList.swift in Sources */,
				7F3E09E12B6FD4EB00781D74 /* HikeView.swift in Sources */,
				7F3E09C22B6E617800781D74 /* LandmarkDetail.swift in Sources */,
				7FE7DC142B79143400E96493 /* PageViewController.swift in Sources */,
				7F3E09CC2B6FC87600781D74 /* BadgeBackground.swift in Sources */,
				7FE7DC0F2B78589600E96493 /* HikeBadge.swift in Sources */,
				7F3E09B12B6DBB0200781D74 /* CircleImage.swift in Sources */,
				7F3E09B72B6E549F00781D74 /* Landmark.swift in Sources */,
				7F3E09BE2B6E59CB00781D74 /* LandmarkRow.swift in Sources */,
				7F3E09B92B6E572400781D74 /* ModelData.swift in Sources */,
			);
			runOnlyForDeploymentPostprocessing = 0;
		};
		7FE7DC1B2B7BB01800E96493 /* Sources */ = {
			isa = PBXSourcesBuildPhase;
			buildActionMask = 2147483647;
			files = (
				7FA4C3952B7D0D4E0038B2CC /* Hike.swift in Sources */,
				7FE7DC242B7BB01800E96493 /* ContentView.swift in Sources */,
				7FA4C38A2B7D0D4E0038B2CC /* Profile.swift in Sources */,
				7FA4C38E2B7D0D4E0038B2CC /* MapView.swift in Sources */,
				7FA4C3932B7D0D4E0038B2CC /* LandmarksApp.swift in Sources */,
				7FA4C3942B7D0D4E0038B2CC /* LandmarkList.swift in Sources */,
				7FA4C3922B7D0D4E0038B2CC /* CircleImage.swift in Sources */,
				7FA4C38C2B7D0D4E0038B2CC /* LandmarkRow.swift in Sources */,
				7FA4C38B2B7D0D4E0038B2CC /* ModelData.swift in Sources */,
				7F3239512B7D1F610055C289 /* NotificationController.swift in Sources */,
				7FA4C38F2B7D0D4E0038B2CC /* Landmark.swift in Sources */,
				7FA4C3972B7D0E0E0038B2CC /* LandmarkDetail.swift in Sources */,
				7F32394F2B7D1DBC0055C289 /* NotificationView.swift in Sources */,
			);
			runOnlyForDeploymentPostprocessing = 0;
		};
/* End PBXSourcesBuildPhase section */

/* Begin PBXTargetDependency section */
		7FE7DC2B2B7BB01B00E96493 /* PBXTargetDependency */ = {
			isa = PBXTargetDependency;
			target = 7FE7DC1E2B7BB01800E96493 /* WatchLandmarks Watch App */;
			targetProxy = 7FE7DC2A2B7BB01B00E96493 /* PBXContainerItemProxy */;
		};
/* End PBXTargetDependency section */

/* Begin XCBuildConfiguration section */
		7F3239642B7D252A0055C289 /* Debug */ = {
			isa = XCBuildConfiguration;
			buildSettings = {
				ASSETCATALOG_COMPILER_APPICON_NAME = AppIcon;
				ASSETCATALOG_COMPILER_GLOBAL_ACCENT_COLOR_NAME = AccentColor;
				CODE_SIGN_ENTITLEMENTS = MacLandmarks/MacLandmarks.entitlements;
				CODE_SIGN_STYLE = Automatic;
				COMBINE_HIDPI_IMAGES = YES;
				CURRENT_PROJECT_VERSION = 1;
				DEVELOPMENT_ASSET_PATHS = "\"MacLandmarks/Preview Content\"";
				ENABLE_PREVIEWS = YES;
				GENERATE_INFOPLIST_FILE = YES;
				INFOPLIST_KEY_NSHumanReadableCopyright = "";
				LD_RUNPATH_SEARCH_PATHS = (
					"$(inherited)",
					"@executable_path/../Frameworks",
				);
				MACOSX_DEPLOYMENT_TARGET = 14.2;
				MARKETING_VERSION = 1.0;
				PRODUCT_BUNDLE_IDENTIFIER = com.mcurvello.MacLandmarks;
				PRODUCT_NAME = "$(TARGET_NAME)";
				SDKROOT = macosx;
				SWIFT_EMIT_LOC_STRINGS = YES;
				SWIFT_VERSION = 5.0;
			};
			name = Debug;
		};
		7F3239652B7D252A0055C289 /* Release */ = {
			isa = XCBuildConfiguration;
			buildSettings = {
				ASSETCATALOG_COMPILER_APPICON_NAME = AppIcon;
				ASSETCATALOG_COMPILER_GLOBAL_ACCENT_COLOR_NAME = AccentColor;
				CODE_SIGN_ENTITLEMENTS = MacLandmarks/MacLandmarks.entitlements;
				CODE_SIGN_STYLE = Automatic;
				COMBINE_HIDPI_IMAGES = YES;
				CURRENT_PROJECT_VERSION = 1;
				DEVELOPMENT_ASSET_PATHS = "\"MacLandmarks/Preview Content\"";
				ENABLE_PREVIEWS = YES;
				GENERATE_INFOPLIST_FILE = YES;
				INFOPLIST_KEY_NSHumanReadableCopyright = "";
				LD_RUNPATH_SEARCH_PATHS = (
					"$(inherited)",
					"@executable_path/../Frameworks",
				);
				MACOSX_DEPLOYMENT_TARGET = 14.2;
				MARKETING_VERSION = 1.0;
				PRODUCT_BUNDLE_IDENTIFIER = com.mcurvello.MacLandmarks;
				PRODUCT_NAME = "$(TARGET_NAME)";
				SDKROOT = macosx;
				SWIFT_EMIT_LOC_STRINGS = YES;
				SWIFT_VERSION = 5.0;
			};
			name = Release;
		};
		7F3E09AB2B6DB75400781D74 /* Debug */ = {
			isa = XCBuildConfiguration;
			buildSettings = {
				ALWAYS_SEARCH_USER_PATHS = NO;
				ASSETCATALOG_COMPILER_GENERATE_SWIFT_ASSET_SYMBOL_EXTENSIONS = YES;
				CLANG_ANALYZER_NONNULL = YES;
				CLANG_ANALYZER_NUMBER_OBJECT_CONVERSION = YES_AGGRESSIVE;
				CLANG_CXX_LANGUAGE_STANDARD = "gnu++20";
				CLANG_ENABLE_MODULES = YES;
				CLANG_ENABLE_OBJC_ARC = YES;
				CLANG_ENABLE_OBJC_WEAK = YES;
				CLANG_WARN_BLOCK_CAPTURE_AUTORELEASING = YES;
				CLANG_WARN_BOOL_CONVERSION = YES;
				CLANG_WARN_COMMA = YES;
				CLANG_WARN_CONSTANT_CONVERSION = YES;
				CLANG_WARN_DEPRECATED_OBJC_IMPLEMENTATIONS = YES;
				CLANG_WARN_DIRECT_OBJC_ISA_USAGE = YES_ERROR;
				CLANG_WARN_DOCUMENTATION_COMMENTS = YES;
				CLANG_WARN_EMPTY_BODY = YES;
				CLANG_WARN_ENUM_CONVERSION = YES;
				CLANG_WARN_INFINITE_RECURSION = YES;
				CLANG_WARN_INT_CONVERSION = YES;
				CLANG_WARN_NON_LITERAL_NULL_CONVERSION = YES;
				CLANG_WARN_OBJC_IMPLICIT_RETAIN_SELF = YES;
				CLANG_WARN_OBJC_LITERAL_CONVERSION = YES;
				CLANG_WARN_OBJC_ROOT_CLASS = YES_ERROR;
				CLANG_WARN_QUOTED_INCLUDE_IN_FRAMEWORK_HEADER = YES;
				CLANG_WARN_RANGE_LOOP_ANALYSIS = YES;
				CLANG_WARN_STRICT_PROTOTYPES = YES;
				CLANG_WARN_SUSPICIOUS_MOVE = YES;
				CLANG_WARN_UNGUARDED_AVAILABILITY = YES_AGGRESSIVE;
				CLANG_WARN_UNREACHABLE_CODE = YES;
				CLANG_WARN__DUPLICATE_METHOD_MATCH = YES;
				COPY_PHASE_STRIP = NO;
				DEBUG_INFORMATION_FORMAT = dwarf;
				ENABLE_STRICT_OBJC_MSGSEND = YES;
				ENABLE_TESTABILITY = YES;
				ENABLE_USER_SCRIPT_SANDBOXING = YES;
				GCC_C_LANGUAGE_STANDARD = gnu17;
				GCC_DYNAMIC_NO_PIC = NO;
				GCC_NO_COMMON_BLOCKS = YES;
				GCC_OPTIMIZATION_LEVEL = 0;
				GCC_PREPROCESSOR_DEFINITIONS = (
					"DEBUG=1",
					"$(inherited)",
				);
				GCC_WARN_64_TO_32_BIT_CONVERSION = YES;
				GCC_WARN_ABOUT_RETURN_TYPE = YES_ERROR;
				GCC_WARN_UNDECLARED_SELECTOR = YES;
				GCC_WARN_UNINITIALIZED_AUTOS = YES_AGGRESSIVE;
				GCC_WARN_UNUSED_FUNCTION = YES;
				GCC_WARN_UNUSED_VARIABLE = YES;
				IPHONEOS_DEPLOYMENT_TARGET = 17.2;
				LOCALIZATION_PREFERS_STRING_CATALOGS = YES;
				MTL_ENABLE_DEBUG_INFO = INCLUDE_SOURCE;
				MTL_FAST_MATH = YES;
				ONLY_ACTIVE_ARCH = YES;
				SDKROOT = iphoneos;
				SWIFT_ACTIVE_COMPILATION_CONDITIONS = "DEBUG $(inherited)";
				SWIFT_OPTIMIZATION_LEVEL = "-Onone";
			};
			name = Debug;
		};
		7F3E09AC2B6DB75400781D74 /* Release */ = {
			isa = XCBuildConfiguration;
			buildSettings = {
				ALWAYS_SEARCH_USER_PATHS = NO;
				ASSETCATALOG_COMPILER_GENERATE_SWIFT_ASSET_SYMBOL_EXTENSIONS = YES;
				CLANG_ANALYZER_NONNULL = YES;
				CLANG_ANALYZER_NUMBER_OBJECT_CONVERSION = YES_AGGRESSIVE;
				CLANG_CXX_LANGUAGE_STANDARD = "gnu++20";
				CLANG_ENABLE_MODULES = YES;
				CLANG_ENABLE_OBJC_ARC = YES;
				CLANG_ENABLE_OBJC_WEAK = YES;
				CLANG_WARN_BLOCK_CAPTURE_AUTORELEASING = YES;
				CLANG_WARN_BOOL_CONVERSION = YES;
				CLANG_WARN_COMMA = YES;
				CLANG_WARN_CONSTANT_CONVERSION = YES;
				CLANG_WARN_DEPRECATED_OBJC_IMPLEMENTATIONS = YES;
				CLANG_WARN_DIRECT_OBJC_ISA_USAGE = YES_ERROR;
				CLANG_WARN_DOCUMENTATION_COMMENTS = YES;
				CLANG_WARN_EMPTY_BODY = YES;
				CLANG_WARN_ENUM_CONVERSION = YES;
				CLANG_WARN_INFINITE_RECURSION = YES;
				CLANG_WARN_INT_CONVERSION = YES;
				CLANG_WARN_NON_LITERAL_NULL_CONVERSION = YES;
				CLANG_WARN_OBJC_IMPLICIT_RETAIN_SELF = YES;
				CLANG_WARN_OBJC_LITERAL_CONVERSION = YES;
				CLANG_WARN_OBJC_ROOT_CLASS = YES_ERROR;
				CLANG_WARN_QUOTED_INCLUDE_IN_FRAMEWORK_HEADER = YES;
				CLANG_WARN_RANGE_LOOP_ANALYSIS = YES;
				CLANG_WARN_STRICT_PROTOTYPES = YES;
				CLANG_WARN_SUSPICIOUS_MOVE = YES;
				CLANG_WARN_UNGUARDED_AVAILABILITY = YES_AGGRESSIVE;
				CLANG_WARN_UNREACHABLE_CODE = YES;
				CLANG_WARN__DUPLICATE_METHOD_MATCH = YES;
				COPY_PHASE_STRIP = NO;
				DEBUG_INFORMATION_FORMAT = "dwarf-with-dsym";
				ENABLE_NS_ASSERTIONS = NO;
				ENABLE_STRICT_OBJC_MSGSEND = YES;
				ENABLE_USER_SCRIPT_SANDBOXING = YES;
				GCC_C_LANGUAGE_STANDARD = gnu17;
				GCC_NO_COMMON_BLOCKS = YES;
				GCC_WARN_64_TO_32_BIT_CONVERSION = YES;
				GCC_WARN_ABOUT_RETURN_TYPE = YES_ERROR;
				GCC_WARN_UNDECLARED_SELECTOR = YES;
				GCC_WARN_UNINITIALIZED_AUTOS = YES_AGGRESSIVE;
				GCC_WARN_UNUSED_FUNCTION = YES;
				GCC_WARN_UNUSED_VARIABLE = YES;
				IPHONEOS_DEPLOYMENT_TARGET = 17.2;
				LOCALIZATION_PREFERS_STRING_CATALOGS = YES;
				MTL_ENABLE_DEBUG_INFO = NO;
				MTL_FAST_MATH = YES;
				SDKROOT = iphoneos;
				SWIFT_COMPILATION_MODE = wholemodule;
				VALIDATE_PRODUCT = YES;
			};
			name = Release;
		};
		7F3E09AE2B6DB75400781D74 /* Debug */ = {
			isa = XCBuildConfiguration;
			buildSettings = {
				ALWAYS_EMBED_SWIFT_STANDARD_LIBRARIES = YES;
				ASSETCATALOG_COMPILER_APPICON_NAME = AppIcon;
				ASSETCATALOG_COMPILER_GLOBAL_ACCENT_COLOR_NAME = AccentColor;
				CODE_SIGN_STYLE = Automatic;
				CURRENT_PROJECT_VERSION = 1;
				DEVELOPMENT_ASSET_PATHS = "\"Landmarks/Preview Content\"";
				ENABLE_PREVIEWS = YES;
				GENERATE_INFOPLIST_FILE = YES;
				INFOPLIST_KEY_UIApplicationSceneManifest_Generation = YES;
				INFOPLIST_KEY_UIApplicationSupportsIndirectInputEvents = YES;
				INFOPLIST_KEY_UILaunchScreen_Generation = YES;
				INFOPLIST_KEY_UISupportedInterfaceOrientations_iPad = "UIInterfaceOrientationPortrait UIInterfaceOrientationPortraitUpsideDown UIInterfaceOrientationLandscapeLeft UIInterfaceOrientationLandscapeRight";
				INFOPLIST_KEY_UISupportedInterfaceOrientations_iPhone = "UIInterfaceOrientationPortrait UIInterfaceOrientationLandscapeLeft UIInterfaceOrientationLandscapeRight";
				LD_RUNPATH_SEARCH_PATHS = (
					"$(inherited)",
					"@executable_path/Frameworks",
				);
				MARKETING_VERSION = 1.0;
				PRODUCT_BUNDLE_IDENTIFIER = com.mcurvello.Landmarks;
				PRODUCT_NAME = "$(TARGET_NAME)";
				SWIFT_EMIT_LOC_STRINGS = YES;
				SWIFT_VERSION = 5.0;
				TARGETED_DEVICE_FAMILY = "1,2";
			};
			name = Debug;
		};
		7F3E09AF2B6DB75400781D74 /* Release */ = {
			isa = XCBuildConfiguration;
			buildSettings = {
				ALWAYS_EMBED_SWIFT_STANDARD_LIBRARIES = YES;
				ASSETCATALOG_COMPILER_APPICON_NAME = AppIcon;
				ASSETCATALOG_COMPILER_GLOBAL_ACCENT_COLOR_NAME = AccentColor;
				CODE_SIGN_STYLE = Automatic;
				CURRENT_PROJECT_VERSION = 1;
				DEVELOPMENT_ASSET_PATHS = "\"Landmarks/Preview Content\"";
				ENABLE_PREVIEWS = YES;
				GENERATE_INFOPLIST_FILE = YES;
				INFOPLIST_KEY_UIApplicationSceneManifest_Generation = YES;
				INFOPLIST_KEY_UIApplicationSupportsIndirectInputEvents = YES;
				INFOPLIST_KEY_UILaunchScreen_Generation = YES;
				INFOPLIST_KEY_UISupportedInterfaceOrientations_iPad = "UIInterfaceOrientationPortrait UIInterfaceOrientationPortraitUpsideDown UIInterfaceOrientationLandscapeLeft UIInterfaceOrientationLandscapeRight";
				INFOPLIST_KEY_UISupportedInterfaceOrientations_iPhone = "UIInterfaceOrientationPortrait UIInterfaceOrientationLandscapeLeft UIInterfaceOrientationLandscapeRight";
				LD_RUNPATH_SEARCH_PATHS = (
					"$(inherited)",
					"@executable_path/Frameworks",
				);
				MARKETING_VERSION = 1.0;
				PRODUCT_BUNDLE_IDENTIFIER = com.mcurvello.Landmarks;
				PRODUCT_NAME = "$(TARGET_NAME)";
				SWIFT_EMIT_LOC_STRINGS = YES;
				SWIFT_VERSION = 5.0;
				TARGETED_DEVICE_FAMILY = "1,2";
			};
			name = Release;
		};
		7FE7DC2E2B7BB01B00E96493 /* Debug */ = {
			isa = XCBuildConfiguration;
			buildSettings = {
				ASSETCATALOG_COMPILER_APPICON_NAME = AppIcon;
				ASSETCATALOG_COMPILER_GLOBAL_ACCENT_COLOR_NAME = AccentColor;
				CODE_SIGN_STYLE = Automatic;
				CURRENT_PROJECT_VERSION = 1;
				DEVELOPMENT_ASSET_PATHS = "\"WatchLandmarks Watch App/Preview Content\"";
				ENABLE_PREVIEWS = YES;
				GENERATE_INFOPLIST_FILE = YES;
				INFOPLIST_KEY_CFBundleDisplayName = WatchLandmarks;
				INFOPLIST_KEY_UISupportedInterfaceOrientations = "UIInterfaceOrientationPortrait UIInterfaceOrientationPortraitUpsideDown";
				INFOPLIST_KEY_WKCompanionAppBundleIdentifier = com.mcurvello.Landmarks;
				INFOPLIST_KEY_WKRunsIndependentlyOfCompanionApp = YES;
				LD_RUNPATH_SEARCH_PATHS = (
					"$(inherited)",
					"@executable_path/Frameworks",
				);
				MARKETING_VERSION = 1.0;
				PRODUCT_BUNDLE_IDENTIFIER = com.mcurvello.Landmarks.watchkitapp;
				PRODUCT_NAME = "$(TARGET_NAME)";
				SDKROOT = watchos;
				SKIP_INSTALL = YES;
				SWIFT_EMIT_LOC_STRINGS = YES;
				SWIFT_VERSION = 5.0;
				TARGETED_DEVICE_FAMILY = 4;
				WATCHOS_DEPLOYMENT_TARGET = 10.2;
			};
			name = Debug;
		};
		7FE7DC2F2B7BB01B00E96493 /* Release */ = {
			isa = XCBuildConfiguration;
			buildSettings = {
				ASSETCATALOG_COMPILER_APPICON_NAME = AppIcon;
				ASSETCATALOG_COMPILER_GLOBAL_ACCENT_COLOR_NAME = AccentColor;
				CODE_SIGN_STYLE = Automatic;
				CURRENT_PROJECT_VERSION = 1;
				DEVELOPMENT_ASSET_PATHS = "\"WatchLandmarks Watch App/Preview Content\"";
				ENABLE_PREVIEWS = YES;
				GENERATE_INFOPLIST_FILE = YES;
				INFOPLIST_KEY_CFBundleDisplayName = WatchLandmarks;
				INFOPLIST_KEY_UISupportedInterfaceOrientations = "UIInterfaceOrientationPortrait UIInterfaceOrientationPortraitUpsideDown";
				INFOPLIST_KEY_WKCompanionAppBundleIdentifier = com.mcurvello.Landmarks;
				INFOPLIST_KEY_WKRunsIndependentlyOfCompanionApp = YES;
				LD_RUNPATH_SEARCH_PATHS = (
					"$(inherited)",
					"@executable_path/Frameworks",
				);
				MARKETING_VERSION = 1.0;
				PRODUCT_BUNDLE_IDENTIFIER = com.mcurvello.Landmarks.watchkitapp;
				PRODUCT_NAME = "$(TARGET_NAME)";
				SDKROOT = watchos;
				SKIP_INSTALL = YES;
				SWIFT_EMIT_LOC_STRINGS = YES;
				SWIFT_VERSION = 5.0;
				TARGETED_DEVICE_FAMILY = 4;
				WATCHOS_DEPLOYMENT_TARGET = 10.2;
			};
			name = Release;
		};
/* End XCBuildConfiguration section */

/* Begin XCConfigurationList section */
		7F3239632B7D252A0055C289 /* Build configuration list for PBXNativeTarget "MacLandmarks" */ = {
			isa = XCConfigurationList;
			buildConfigurations = (
				7F3239642B7D252A0055C289 /* Debug */,
				7F3239652B7D252A0055C289 /* Release */,
			);
			defaultConfigurationIsVisible = 0;
			defaultConfigurationName = Release;
		};
		7F3E099A2B6DB74E00781D74 /* Build configuration list for PBXProject "Landmarks" */ = {
			isa = XCConfigurationList;
			buildConfigurations = (
				7F3E09AB2B6DB75400781D74 /* Debug */,
				7F3E09AC2B6DB75400781D74 /* Release */,
			);
			defaultConfigurationIsVisible = 0;
			defaultConfigurationName = Release;
		};
		7F3E09AD2B6DB75400781D74 /* Build configuration list for PBXNativeTarget "Landmarks" */ = {
			isa = XCConfigurationList;
			buildConfigurations = (
				7F3E09AE2B6DB75400781D74 /* Debug */,
				7F3E09AF2B6DB75400781D74 /* Release */,
			);
			defaultConfigurationIsVisible = 0;
			defaultConfigurationName = Release;
		};
		7FE7DC2D2B7BB01B00E96493 /* Build configuration list for PBXNativeTarget "WatchLandmarks Watch App" */ = {
			isa = XCConfigurationList;
			buildConfigurations = (
				7FE7DC2E2B7BB01B00E96493 /* Debug */,
				7FE7DC2F2B7BB01B00E96493 /* Release */,
			);
			defaultConfigurationIsVisible = 0;
			defaultConfigurationName = Release;
		};
/* End XCConfigurationList section */
	};
	rootObject = 7F3E09972B6DB74E00781D74 /* Project object */;
}
